<?xml version="1.0" encoding="utf-8"?>
<Project ToolsVersion="4.0" xmlns="http://schemas.microsoft.com/developer/msbuild/2003">
  <ItemGroup>
    <Filter Include="Source Files">
      <UniqueIdentifier>{4FC737F1-C7A5-4376-A066-2A32D752A2FF}</UniqueIdentifier>
      <Extensions>cpp;c;cc;cxx;def;odl;idl;hpj;bat;asm;asmx</Extensions>
    </Filter>
    <Filter Include="Header Files">
      <UniqueIdentifier>{93995380-89BD-4b04-88EB-625FBE52EBFB}</UniqueIdentifier>
      <Extensions>h;hh;hpp;hxx;hm;inl;inc;xsd</Extensions>
    </Filter>
    <Filter Include="Resource Files">
      <UniqueIdentifier>{67DA6AB6-F800-4c08-8B7A-83BB121AAD01}</UniqueIdentifier>
      <Extensions>rc;ico;cur;bmp;dlg;rc2;rct;bin;rgs;gif;jpg;jpeg;jpe;resx;tiff;tif;png;wav;mfcribbon-ms</Extensions>
    </Filter>
    <Filter Include="Header Files\Computer Graphics">
      <UniqueIdentifier>{28f97843-9ebe-4a6f-89d9-7e49f79aa502}</UniqueIdentifier>
    </Filter>
    <Filter Include="Source Files\Computer Graphics">
      <UniqueIdentifier>{29ca472d-50cb-4da3-87c7-b080d5f25c9b}</UniqueIdentifier>
    </Filter>
    <Filter Include="Resource Files\Shaders">
      <UniqueIdentifier>{b7ca902f-e5cc-4f00-bb33-1c3a5a75bc21}</UniqueIdentifier>
    </Filter>
    <Filter Include="Header Files\Geometric Modelling">
      <UniqueIdentifier>{ed4bce3f-5609-46a5-a91a-931ed754703a}</UniqueIdentifier>
    </Filter>
    <Filter Include="Source Files\Geometric Modelling">
      <UniqueIdentifier>{2404201d-412b-4918-a102-f2e77ef3c1e2}</UniqueIdentifier>
    </Filter>
  </ItemGroup>
  <ItemGroup>
    <ClInclude Include="gk2_applicationBase.h">
      <Filter>Header Files\Computer Graphics</Filter>
    </ClInclude>
    <ClInclude Include="gk2_camera.h">
      <Filter>Header Files\Computer Graphics</Filter>
    </ClInclude>
    <ClInclude Include="gk2_deviceHelper.h">
      <Filter>Header Files\Computer Graphics</Filter>
    </ClInclude>
    <ClInclude Include="gk2_exceptions.h">
      <Filter>Header Files\Computer Graphics</Filter>
    </ClInclude>
    <ClInclude Include="gk2_input.h">
      <Filter>Header Files\Computer Graphics</Filter>
    </ClInclude>
    <ClInclude Include="gk2_utils.h">
      <Filter>Header Files\Computer Graphics</Filter>
    </ClInclude>
    <ClInclude Include="gk2_vertices.h">
      <Filter>Header Files\Computer Graphics</Filter>
    </ClInclude>
    <ClInclude Include="gk2_window.h">
      <Filter>Header Files\Computer Graphics</Filter>
    </ClInclude>
    <ClInclude Include="gk2_scene.h">
      <Filter>Header Files\Computer Graphics</Filter>
    </ClInclude>
    <ClInclude Include="coordinateSystem.h">
      <Filter>Header Files\Geometric Modelling</Filter>
    </ClInclude>
    <ClInclude Include="miller.h">
      <Filter>Header Files\Geometric Modelling</Filter>
    </ClInclude>
    <ClInclude Include="modelclass.h">
      <Filter>Header Files\Geometric Modelling</Filter>
    </ClInclude>
    <ClInclude Include="service.h">
      <Filter>Header Files\Geometric Modelling</Filter>
    </ClInclude>
    <ClInclude Include="heightMap.h">
      <Filter>Header Files\Geometric Modelling</Filter>
    </ClInclude>
  </ItemGroup>
  <ItemGroup>
    <ClCompile Include="main.cpp">
      <Filter>Source Files</Filter>
    </ClCompile>
    <ClCompile Include="gk2_applicationBase.cpp">
      <Filter>Source Files\Computer Graphics</Filter>
    </ClCompile>
    <ClCompile Include="gk2_camera.cpp">
      <Filter>Source Files\Computer Graphics</Filter>
    </ClCompile>
    <ClCompile Include="gk2_deviceHelper.cpp">
      <Filter>Source Files\Computer Graphics</Filter>
    </ClCompile>
    <ClCompile Include="gk2_exceptions.cpp">
      <Filter>Source Files\Computer Graphics</Filter>
    </ClCompile>
    <ClCompile Include="gk2_input.cpp">
      <Filter>Source Files\Computer Graphics</Filter>
    </ClCompile>
    <ClCompile Include="gk2_utils.cpp">
      <Filter>Source Files\Computer Graphics</Filter>
    </ClCompile>
    <ClCompile Include="gk2_vertices.cpp">
      <Filter>Source Files\Computer Graphics</Filter>
    </ClCompile>
    <ClCompile Include="gk2_window.cpp">
      <Filter>Source Files\Computer Graphics</Filter>
    </ClCompile>
    <ClCompile Include="gk2_scene.cpp">
      <Filter>Source Files\Computer Graphics</Filter>
    </ClCompile>
    <ClCompile Include="coordinateSystem.cpp">
      <Filter>Source Files\Geometric Modelling</Filter>
    </ClCompile>
    <ClCompile Include="miller.cpp">
      <Filter>Source Files\Geometric Modelling</Filter>
    </ClCompile>
    <ClCompile Include="modelclass.cpp">
      <Filter>Source Files\Geometric Modelling</Filter>
    </ClCompile>
    <ClCompile Include="service.cpp">
      <Filter>Source Files\Geometric Modelling</Filter>
    </ClCompile>
    <ClCompile Include="heightMap.cpp">
      <Filter>Source Files\Geometric Modelling</Filter>
    </ClCompile>
  </ItemGroup>
  <ItemGroup>
    <FxCompile Include="resources\shaders\shader.hlsl">
      <Filter>Resource Files\Shaders</Filter>
    </FxCompile>
  </ItemGroup>
</Project>